// !$*UTF8*$!
{
	archiveVersion = 1;
	classes = {
	};
	objectVersion = 46;
	objects = {

/* Begin PBXBuildFile section */
		4559A3D31AAD38D900FDB66E /* main.m in Sources */ = {isa = PBXBuildFile; fileRef = 4559A3D21AAD38D900FDB66E /* main.m */; };
		4559A3D61AAD38D900FDB66E /* AppDelegate.m in Sources */ = {isa = PBXBuildFile; fileRef = 4559A3D51AAD38D900FDB66E /* AppDelegate.m */; };
		4559A3D91AAD38D900FDB66E /* ViewController.m in Sources */ = {isa = PBXBuildFile; fileRef = 4559A3D81AAD38D900FDB66E /* ViewController.m */; };
		4559A3DC1AAD38D900FDB66E /* Main.storyboard in Resources */ = {isa = PBXBuildFile; fileRef = 4559A3DA1AAD38D900FDB66E /* Main.storyboard */; };
		4559A3DE1AAD38D900FDB66E /* Images.xcassets in Resources */ = {isa = PBXBuildFile; fileRef = 4559A3DD1AAD38D900FDB66E /* Images.xcassets */; };
		4559A3E11AAD38D900FDB66E /* LaunchScreen.xib in Resources */ = {isa = PBXBuildFile; fileRef = 4559A3DF1AAD38D900FDB66E /* LaunchScreen.xib */; };
		4559A3ED1AAD38D900FDB66E /* Parallel_MapsTests.m in Sources */ = {isa = PBXBuildFile; fileRef = 4559A3EC1AAD38D900FDB66E /* Parallel_MapsTests.m */; };
		4559A3F71AAD3A9F00FDB66E /* MapKit.framework in Frameworks */ = {isa = PBXBuildFile; fileRef = 4559A3F61AAD3A9F00FDB66E /* MapKit.framework */; };
		4559A3FA1AAD45F800FDB66E /* AVFoundation.framework in Frameworks */ = {isa = PBXBuildFile; fileRef = 4559A3F91AAD45F800FDB66E /* AVFoundation.framework */; };
		4559A3FC1AAD460000FDB66E /* CoreData.framework in Frameworks */ = {isa = PBXBuildFile; fileRef = 4559A3FB1AAD460000FDB66E /* CoreData.framework */; };
		4559A3FE1AAD460A00FDB66E /* CoreLocation.framework in Frameworks */ = {isa = PBXBuildFile; fileRef = 4559A3FD1AAD460A00FDB66E /* CoreLocation.framework */; };
		4559A4001AAD461200FDB66E /* CoreText.framework in Frameworks */ = {isa = PBXBuildFile; fileRef = 4559A3FF1AAD461200FDB66E /* CoreText.framework */; };
		4559A4021AAD461B00FDB66E /* GLKit.framework in Frameworks */ = {isa = PBXBuildFile; fileRef = 4559A4011AAD461B00FDB66E /* GLKit.framework */; };
		4559A4041AAD462500FDB66E /* ImageIO.framework in Frameworks */ = {isa = PBXBuildFile; fileRef = 4559A4031AAD462500FDB66E /* ImageIO.framework */; };
		4559A4061AAD462D00FDB66E /* libc++.dylib in Frameworks */ = {isa = PBXBuildFile; fileRef = 4559A4051AAD462D00FDB66E /* libc++.dylib */; };
		4559A4081AAD463A00FDB66E /* libicucore.dylib in Frameworks */ = {isa = PBXBuildFile; fileRef = 4559A4071AAD463A00FDB66E /* libicucore.dylib */; };
		4559A40A1AAD464A00FDB66E /* libz.dylib in Frameworks */ = {isa = PBXBuildFile; fileRef = 4559A4091AAD464A00FDB66E /* libz.dylib */; };
		4559A40C1AAD465200FDB66E /* OpenGLES.framework in Frameworks */ = {isa = PBXBuildFile; fileRef = 4559A40B1AAD465200FDB66E /* OpenGLES.framework */; };
		4559A40E1AAD465B00FDB66E /* QuartzCore.framework in Frameworks */ = {isa = PBXBuildFile; fileRef = 4559A40D1AAD465B00FDB66E /* QuartzCore.framework */; };
		4559A4101AAD466700FDB66E /* SystemConfiguration.framework in Frameworks */ = {isa = PBXBuildFile; fileRef = 4559A40F1AAD466700FDB66E /* SystemConfiguration.framework */; };
		4559A4161AAD472100FDB66E /* GoogleMaps.framework in Frameworks */ = {isa = PBXBuildFile; fileRef = 4559A4151AAD472100FDB66E /* GoogleMaps.framework */; };
		4559A4181AAD472900FDB66E /* GoogleMaps.bundle in Resources */ = {isa = PBXBuildFile; fileRef = 4559A4171AAD472900FDB66E /* GoogleMaps.bundle */; };
		45C5F8101ACA4D9B0078540B /* SidebarViewController.m in Sources */ = {isa = PBXBuildFile; fileRef = 45C5F80F1ACA4D9B0078540B /* SidebarViewController.m */; };
		45C5F8131ACB954E0078540B /* StreetViewController.m in Sources */ = {isa = PBXBuildFile; fileRef = 45C5F8121ACB954E0078540B /* StreetViewController.m */; };
		45C5F8161ACBD9950078540B /* DirectionsViewController.m in Sources */ = {isa = PBXBuildFile; fileRef = 45C5F8151ACBD9950078540B /* DirectionsViewController.m */; };
		45F7BC381ABBC812003FCE27 /* DetailsViewController.m in Sources */ = {isa = PBXBuildFile; fileRef = 45F7BC371ABBC812003FCE27 /* DetailsViewController.m */; };
		45F7BC411AC042D8003FCE27 /* SettingsViewController.m in Sources */ = {isa = PBXBuildFile; fileRef = 45F7BC401AC042D8003FCE27 /* SettingsViewController.m */; };
		45F7BC441AC0FA5B003FCE27 /* MapTypesViewController.m in Sources */ = {isa = PBXBuildFile; fileRef = 45F7BC431AC0FA5B003FCE27 /* MapTypesViewController.m */; };
		45F7BC471AC113F8003FCE27 /* SearchListViewController.m in Sources */ = {isa = PBXBuildFile; fileRef = 45F7BC461AC113F8003FCE27 /* SearchListViewController.m */; };
		45F7BC4A1AC2607D003FCE27 /* PlaceAnnotation.m in Sources */ = {isa = PBXBuildFile; fileRef = 45F7BC491AC2607D003FCE27 /* PlaceAnnotation.m */; };
		45F7BC6B1AC8F904003FCE27 /* MainModel.m in Sources */ = {isa = PBXBuildFile; fileRef = 45F7BC6A1AC8F904003FCE27 /* MainModel.m */; };
		45F7BC6F1AC91C7F003FCE27 /* SWRevealViewController.m in Sources */ = {isa = PBXBuildFile; fileRef = 45F7BC6E1AC91C7F003FCE27 /* SWRevealViewController.m */; };
		45FFC7CE1AD3715D0029E809 /* MapKit+ZoomLevel.m in Sources */ = {isa = PBXBuildFile; fileRef = 45FFC7CD1AD3715D0029E809 /* MapKit+ZoomLevel.m */; };
		45FFC7D71AD60EF30029E809 /* GQTPointQuadTree.m in Sources */ = {isa = PBXBuildFile; fileRef = 45FFC7D31AD60EF30029E809 /* GQTPointQuadTree.m */; };
		45FFC7D81AD60EF30029E809 /* GQTPointQuadTreeChild.m in Sources */ = {isa = PBXBuildFile; fileRef = 45FFC7D51AD60EF30029E809 /* GQTPointQuadTreeChild.m */; };
/* End PBXBuildFile section */

/* Begin PBXContainerItemProxy section */
		4559A3E71AAD38D900FDB66E /* PBXContainerItemProxy */ = {
			isa = PBXContainerItemProxy;
			containerPortal = 4559A3C51AAD38D900FDB66E /* Project object */;
			proxyType = 1;
			remoteGlobalIDString = 4559A3CC1AAD38D900FDB66E;
			remoteInfo = "Parallel Maps";
		};
/* End PBXContainerItemProxy section */

/* Begin PBXFileReference section */
		4559A3CD1AAD38D900FDB66E /* Parallel Maps.app */ = {isa = PBXFileReference; explicitFileType = wrapper.application; includeInIndex = 0; path = "Parallel Maps.app"; sourceTree = BUILT_PRODUCTS_DIR; };
		4559A3D11AAD38D900FDB66E /* Info.plist */ = {isa = PBXFileReference; lastKnownFileType = text.plist.xml; path = Info.plist; sourceTree = "<group>"; };
		4559A3D21AAD38D900FDB66E /* main.m */ = {isa = PBXFileReference; lastKnownFileType = sourcecode.c.objc; path = main.m; sourceTree = "<group>"; };
		4559A3D41AAD38D900FDB66E /* AppDelegate.h */ = {isa = PBXFileReference; lastKnownFileType = sourcecode.c.h; path = AppDelegate.h; sourceTree = "<group>"; };
		4559A3D51AAD38D900FDB66E /* AppDelegate.m */ = {isa = PBXFileReference; lastKnownFileType = sourcecode.c.objc; path = AppDelegate.m; sourceTree = "<group>"; };
		4559A3D71AAD38D900FDB66E /* ViewController.h */ = {isa = PBXFileReference; lastKnownFileType = sourcecode.c.h; path = ViewController.h; sourceTree = "<group>"; };
		4559A3D81AAD38D900FDB66E /* ViewController.m */ = {isa = PBXFileReference; lastKnownFileType = sourcecode.c.objc; path = ViewController.m; sourceTree = "<group>"; };
		4559A3DB1AAD38D900FDB66E /* Base */ = {isa = PBXFileReference; lastKnownFileType = file.storyboard; name = Base; path = Base.lproj/Main.storyboard; sourceTree = "<group>"; };
		4559A3DD1AAD38D900FDB66E /* Images.xcassets */ = {isa = PBXFileReference; lastKnownFileType = folder.assetcatalog; path = Images.xcassets; sourceTree = "<group>"; };
		4559A3E01AAD38D900FDB66E /* Base */ = {isa = PBXFileReference; lastKnownFileType = file.xib; name = Base; path = Base.lproj/LaunchScreen.xib; sourceTree = "<group>"; };
		4559A3E61AAD38D900FDB66E /* Parallel MapsTests.xctest */ = {isa = PBXFileReference; explicitFileType = wrapper.cfbundle; includeInIndex = 0; path = "Parallel MapsTests.xctest"; sourceTree = BUILT_PRODUCTS_DIR; };
		4559A3EB1AAD38D900FDB66E /* Info.plist */ = {isa = PBXFileReference; lastKnownFileType = text.plist.xml; path = Info.plist; sourceTree = "<group>"; };
		4559A3EC1AAD38D900FDB66E /* Parallel_MapsTests.m */ = {isa = PBXFileReference; lastKnownFileType = sourcecode.c.objc; path = Parallel_MapsTests.m; sourceTree = "<group>"; };
		4559A3F61AAD3A9F00FDB66E /* MapKit.framework */ = {isa = PBXFileReference; lastKnownFileType = wrapper.framework; name = MapKit.framework; path = System/Library/Frameworks/MapKit.framework; sourceTree = SDKROOT; };
		4559A3F91AAD45F800FDB66E /* AVFoundation.framework */ = {isa = PBXFileReference; lastKnownFileType = wrapper.framework; name = AVFoundation.framework; path = System/Library/Frameworks/AVFoundation.framework; sourceTree = SDKROOT; };
		4559A3FB1AAD460000FDB66E /* CoreData.framework */ = {isa = PBXFileReference; lastKnownFileType = wrapper.framework; name = CoreData.framework; path = System/Library/Frameworks/CoreData.framework; sourceTree = SDKROOT; };
		4559A3FD1AAD460A00FDB66E /* CoreLocation.framework */ = {isa = PBXFileReference; lastKnownFileType = wrapper.framework; name = CoreLocation.framework; path = System/Library/Frameworks/CoreLocation.framework; sourceTree = SDKROOT; };
		4559A3FF1AAD461200FDB66E /* CoreText.framework */ = {isa = PBXFileReference; lastKnownFileType = wrapper.framework; name = CoreText.framework; path = System/Library/Frameworks/CoreText.framework; sourceTree = SDKROOT; };
		4559A4011AAD461B00FDB66E /* GLKit.framework */ = {isa = PBXFileReference; lastKnownFileType = wrapper.framework; name = GLKit.framework; path = System/Library/Frameworks/GLKit.framework; sourceTree = SDKROOT; };
		4559A4031AAD462500FDB66E /* ImageIO.framework */ = {isa = PBXFileReference; lastKnownFileType = wrapper.framework; name = ImageIO.framework; path = System/Library/Frameworks/ImageIO.framework; sourceTree = SDKROOT; };
		4559A4051AAD462D00FDB66E /* libc++.dylib */ = {isa = PBXFileReference; lastKnownFileType = "compiled.mach-o.dylib"; name = "libc++.dylib"; path = "usr/lib/libc++.dylib"; sourceTree = SDKROOT; };
		4559A4071AAD463A00FDB66E /* libicucore.dylib */ = {isa = PBXFileReference; lastKnownFileType = "compiled.mach-o.dylib"; name = libicucore.dylib; path = usr/lib/libicucore.dylib; sourceTree = SDKROOT; };
		4559A4091AAD464A00FDB66E /* libz.dylib */ = {isa = PBXFileReference; lastKnownFileType = "compiled.mach-o.dylib"; name = libz.dylib; path = usr/lib/libz.dylib; sourceTree = SDKROOT; };
		4559A40B1AAD465200FDB66E /* OpenGLES.framework */ = {isa = PBXFileReference; lastKnownFileType = wrapper.framework; name = OpenGLES.framework; path = System/Library/Frameworks/OpenGLES.framework; sourceTree = SDKROOT; };
		4559A40D1AAD465B00FDB66E /* QuartzCore.framework */ = {isa = PBXFileReference; lastKnownFileType = wrapper.framework; name = QuartzCore.framework; path = System/Library/Frameworks/QuartzCore.framework; sourceTree = SDKROOT; };
		4559A40F1AAD466700FDB66E /* SystemConfiguration.framework */ = {isa = PBXFileReference; lastKnownFileType = wrapper.framework; name = SystemConfiguration.framework; path = System/Library/Frameworks/SystemConfiguration.framework; sourceTree = SDKROOT; };
		4559A4151AAD472100FDB66E /* GoogleMaps.framework */ = {isa = PBXFileReference; lastKnownFileType = wrapper.framework; path = GoogleMaps.framework; sourceTree = "<group>"; };
		4559A4171AAD472900FDB66E /* GoogleMaps.bundle */ = {isa = PBXFileReference; lastKnownFileType = "wrapper.plug-in"; path = GoogleMaps.bundle; sourceTree = "<group>"; };
		45C5F80E1ACA4D9B0078540B /* SidebarViewController.h */ = {isa = PBXFileReference; fileEncoding = 4; lastKnownFileType = sourcecode.c.h; path = SidebarViewController.h; sourceTree = "<group>"; };
		45C5F80F1ACA4D9B0078540B /* SidebarViewController.m */ = {isa = PBXFileReference; fileEncoding = 4; lastKnownFileType = sourcecode.c.objc; path = SidebarViewController.m; sourceTree = "<group>"; };
		45C5F8111ACB954E0078540B /* StreetViewController.h */ = {isa = PBXFileReference; fileEncoding = 4; lastKnownFileType = sourcecode.c.h; path = StreetViewController.h; sourceTree = "<group>"; };
		45C5F8121ACB954E0078540B /* StreetViewController.m */ = {isa = PBXFileReference; fileEncoding = 4; lastKnownFileType = sourcecode.c.objc; path = StreetViewController.m; sourceTree = "<group>"; };
		45C5F8141ACBD9950078540B /* DirectionsViewController.h */ = {isa = PBXFileReference; fileEncoding = 4; lastKnownFileType = sourcecode.c.h; path = DirectionsViewController.h; sourceTree = "<group>"; };
		45C5F8151ACBD9950078540B /* DirectionsViewController.m */ = {isa = PBXFileReference; fileEncoding = 4; lastKnownFileType = sourcecode.c.objc; path = DirectionsViewController.m; sourceTree = "<group>"; };
		45F7BC371ABBC812003FCE27 /* DetailsViewController.m */ = {isa = PBXFileReference; fileEncoding = 4; lastKnownFileType = sourcecode.c.objc; path = DetailsViewController.m; sourceTree = "<group>"; };
		45F7BC3A1ABBC83C003FCE27 /* DetailsViewController.h */ = {isa = PBXFileReference; lastKnownFileType = sourcecode.c.h; name = DetailsViewController.h; path = ../DetailsViewController.h; sourceTree = "<group>"; };
		45F7BC3F1AC042D8003FCE27 /* SettingsViewController.h */ = {isa = PBXFileReference; fileEncoding = 4; lastKnownFileType = sourcecode.c.h; path = SettingsViewController.h; sourceTree = "<group>"; };
		45F7BC401AC042D8003FCE27 /* SettingsViewController.m */ = {isa = PBXFileReference; fileEncoding = 4; lastKnownFileType = sourcecode.c.objc; path = SettingsViewController.m; sourceTree = "<group>"; };
		45F7BC421AC0FA5B003FCE27 /* MapTypesViewController.h */ = {isa = PBXFileReference; fileEncoding = 4; lastKnownFileType = sourcecode.c.h; path = MapTypesViewController.h; sourceTree = "<group>"; };
		45F7BC431AC0FA5B003FCE27 /* MapTypesViewController.m */ = {isa = PBXFileReference; fileEncoding = 4; lastKnownFileType = sourcecode.c.objc; path = MapTypesViewController.m; sourceTree = "<group>"; };
		45F7BC451AC113F8003FCE27 /* SearchListViewController.h */ = {isa = PBXFileReference; fileEncoding = 4; lastKnownFileType = sourcecode.c.h; path = SearchListViewController.h; sourceTree = "<group>"; };
		45F7BC461AC113F8003FCE27 /* SearchListViewController.m */ = {isa = PBXFileReference; fileEncoding = 4; lastKnownFileType = sourcecode.c.objc; path = SearchListViewController.m; sourceTree = "<group>"; };
		45F7BC481AC2607D003FCE27 /* PlaceAnnotation.h */ = {isa = PBXFileReference; fileEncoding = 4; lastKnownFileType = sourcecode.c.h; path = PlaceAnnotation.h; sourceTree = "<group>"; };
		45F7BC491AC2607D003FCE27 /* PlaceAnnotation.m */ = {isa = PBXFileReference; fileEncoding = 4; lastKnownFileType = sourcecode.c.objc; path = PlaceAnnotation.m; sourceTree = "<group>"; };
		45F7BC691AC8F904003FCE27 /* MainModel.h */ = {isa = PBXFileReference; fileEncoding = 4; lastKnownFileType = sourcecode.c.h; path = MainModel.h; sourceTree = "<group>"; };
		45F7BC6A1AC8F904003FCE27 /* MainModel.m */ = {isa = PBXFileReference; fileEncoding = 4; lastKnownFileType = sourcecode.c.objc; path = MainModel.m; sourceTree = "<group>"; };
		45F7BC6D1AC91C7F003FCE27 /* SWRevealViewController.h */ = {isa = PBXFileReference; fileEncoding = 4; lastKnownFileType = sourcecode.c.h; path = SWRevealViewController.h; sourceTree = "<group>"; };
		45F7BC6E1AC91C7F003FCE27 /* SWRevealViewController.m */ = {isa = PBXFileReference; fileEncoding = 4; lastKnownFileType = sourcecode.c.objc; path = SWRevealViewController.m; sourceTree = "<group>"; };
		45FFC7CC1AD3715D0029E809 /* MapKit+ZoomLevel.h */ = {isa = PBXFileReference; fileEncoding = 4; lastKnownFileType = sourcecode.c.h; path = "MapKit+ZoomLevel.h"; sourceTree = "<group>"; };
		45FFC7CD1AD3715D0029E809 /* MapKit+ZoomLevel.m */ = {isa = PBXFileReference; fileEncoding = 4; lastKnownFileType = sourcecode.c.objc; path = "MapKit+ZoomLevel.m"; sourceTree = "<group>"; };
		45FFC7D01AD60EF30029E809 /* GQTBounds.h */ = {isa = PBXFileReference; fileEncoding = 4; lastKnownFileType = sourcecode.c.h; path = GQTBounds.h; sourceTree = "<group>"; };
		45FFC7D11AD60EF30029E809 /* GQTPoint.h */ = {isa = PBXFileReference; fileEncoding = 4; lastKnownFileType = sourcecode.c.h; path = GQTPoint.h; sourceTree = "<group>"; };
		45FFC7D21AD60EF30029E809 /* GQTPointQuadTree.h */ = {isa = PBXFileReference; fileEncoding = 4; lastKnownFileType = sourcecode.c.h; path = GQTPointQuadTree.h; sourceTree = "<group>"; };
		45FFC7D31AD60EF30029E809 /* GQTPointQuadTree.m */ = {isa = PBXFileReference; fileEncoding = 4; lastKnownFileType = sourcecode.c.objc; path = GQTPointQuadTree.m; sourceTree = "<group>"; };
		45FFC7D41AD60EF30029E809 /* GQTPointQuadTreeChild.h */ = {isa = PBXFileReference; fileEncoding = 4; lastKnownFileType = sourcecode.c.h; path = GQTPointQuadTreeChild.h; sourceTree = "<group>"; };
		45FFC7D51AD60EF30029E809 /* GQTPointQuadTreeChild.m */ = {isa = PBXFileReference; fileEncoding = 4; lastKnownFileType = sourcecode.c.objc; path = GQTPointQuadTreeChild.m; sourceTree = "<group>"; };
		45FFC7D61AD60EF30029E809 /* GQTPointQuadTreeItem.h */ = {isa = PBXFileReference; fileEncoding = 4; lastKnownFileType = sourcecode.c.h; path = GQTPointQuadTreeItem.h; sourceTree = "<group>"; };
/* End PBXFileReference section */

/* Begin PBXFrameworksBuildPhase section */
		4559A3CA1AAD38D900FDB66E /* Frameworks */ = {
			isa = PBXFrameworksBuildPhase;
			buildActionMask = 2147483647;
			files = (
				4559A40E1AAD465B00FDB66E /* QuartzCore.framework in Frameworks */,
				4559A4101AAD466700FDB66E /* SystemConfiguration.framework in Frameworks */,
				4559A40C1AAD465200FDB66E /* OpenGLES.framework in Frameworks */,
				4559A40A1AAD464A00FDB66E /* libz.dylib in Frameworks */,
				4559A4081AAD463A00FDB66E /* libicucore.dylib in Frameworks */,
				4559A4061AAD462D00FDB66E /* libc++.dylib in Frameworks */,
				4559A4041AAD462500FDB66E /* ImageIO.framework in Frameworks */,
				4559A4021AAD461B00FDB66E /* GLKit.framework in Frameworks */,
				4559A4161AAD472100FDB66E /* GoogleMaps.framework in Frameworks */,
				4559A4001AAD461200FDB66E /* CoreText.framework in Frameworks */,
				4559A3FE1AAD460A00FDB66E /* CoreLocation.framework in Frameworks */,
				4559A3FC1AAD460000FDB66E /* CoreData.framework in Frameworks */,
				4559A3FA1AAD45F800FDB66E /* AVFoundation.framework in Frameworks */,
				4559A3F71AAD3A9F00FDB66E /* MapKit.framework in Frameworks */,
			);
			runOnlyForDeploymentPostprocessing = 0;
		};
		4559A3E31AAD38D900FDB66E /* Frameworks */ = {
			isa = PBXFrameworksBuildPhase;
			buildActionMask = 2147483647;
			files = (
			);
			runOnlyForDeploymentPostprocessing = 0;
		};
/* End PBXFrameworksBuildPhase section */

/* Begin PBXGroup section */
		4559A3C41AAD38D900FDB66E = {
			isa = PBXGroup;
			children = (
				45FFC7CF1AD60EC80029E809 /* Google maps utils */,
				45F7BC6C1AC91C68003FCE27 /* SWLRevealViewController */,
				4559A3F81AAD3AA600FDB66E /* Frameworks */,
				4559A3CF1AAD38D900FDB66E /* Parallel Maps */,
				4559A3E91AAD38D900FDB66E /* Parallel MapsTests */,
				4559A3CE1AAD38D900FDB66E /* Products */,
			);
			sourceTree = "<group>";
		};
		4559A3CE1AAD38D900FDB66E /* Products */ = {
			isa = PBXGroup;
			children = (
				4559A3CD1AAD38D900FDB66E /* Parallel Maps.app */,
				4559A3E61AAD38D900FDB66E /* Parallel MapsTests.xctest */,
			);
			name = Products;
			sourceTree = "<group>";
		};
		4559A3CF1AAD38D900FDB66E /* Parallel Maps */ = {
			isa = PBXGroup;
			children = (
				4559A3D41AAD38D900FDB66E /* AppDelegate.h */,
				4559A3D51AAD38D900FDB66E /* AppDelegate.m */,
				45F7BC4E1AC3E335003FCE27 /* Model */,
				45F7BC4F1AC3E359003FCE27 /* View */,
				45F7BC3B1ABBE6EE003FCE27 /* Controller */,
				45F7BC4B1AC3DB96003FCE27 /* Resources */,
				4559A3DA1AAD38D900FDB66E /* Main.storyboard */,
				4559A3DD1AAD38D900FDB66E /* Images.xcassets */,
				4559A3DF1AAD38D900FDB66E /* LaunchScreen.xib */,
				4559A3D01AAD38D900FDB66E /* Supporting Files */,
			);
			path = "Parallel Maps";
			sourceTree = "<group>";
		};
		4559A3D01AAD38D900FDB66E /* Supporting Files */ = {
			isa = PBXGroup;
			children = (
				4559A3D11AAD38D900FDB66E /* Info.plist */,
				4559A3D21AAD38D900FDB66E /* main.m */,
			);
			name = "Supporting Files";
			sourceTree = "<group>";
		};
		4559A3E91AAD38D900FDB66E /* Parallel MapsTests */ = {
			isa = PBXGroup;
			children = (
				4559A3EC1AAD38D900FDB66E /* Parallel_MapsTests.m */,
				4559A3EA1AAD38D900FDB66E /* Supporting Files */,
			);
			path = "Parallel MapsTests";
			sourceTree = "<group>";
		};
		4559A3EA1AAD38D900FDB66E /* Supporting Files */ = {
			isa = PBXGroup;
			children = (
				4559A3EB1AAD38D900FDB66E /* Info.plist */,
			);
			name = "Supporting Files";
			sourceTree = "<group>";
		};
		4559A3F81AAD3AA600FDB66E /* Frameworks */ = {
			isa = PBXGroup;
			children = (
				4559A40F1AAD466700FDB66E /* SystemConfiguration.framework */,
				4559A40D1AAD465B00FDB66E /* QuartzCore.framework */,
				4559A40B1AAD465200FDB66E /* OpenGLES.framework */,
				4559A4091AAD464A00FDB66E /* libz.dylib */,
				4559A4151AAD472100FDB66E /* GoogleMaps.framework */,
				4559A4071AAD463A00FDB66E /* libicucore.dylib */,
				4559A4171AAD472900FDB66E /* GoogleMaps.bundle */,
				4559A4051AAD462D00FDB66E /* libc++.dylib */,
				4559A4031AAD462500FDB66E /* ImageIO.framework */,
				4559A4011AAD461B00FDB66E /* GLKit.framework */,
				4559A3FF1AAD461200FDB66E /* CoreText.framework */,
				4559A3FD1AAD460A00FDB66E /* CoreLocation.framework */,
				4559A3FB1AAD460000FDB66E /* CoreData.framework */,
				4559A3F91AAD45F800FDB66E /* AVFoundation.framework */,
				4559A3F61AAD3A9F00FDB66E /* MapKit.framework */,
			);
			name = Frameworks;
			sourceTree = "<group>";
		};
		45F7BC3B1ABBE6EE003FCE27 /* Controller */ = {
			isa = PBXGroup;
			children = (
				4559A3D71AAD38D900FDB66E /* ViewController.h */,
				4559A3D81AAD38D900FDB66E /* ViewController.m */,
				45C5F80E1ACA4D9B0078540B /* SidebarViewController.h */,
				45C5F80F1ACA4D9B0078540B /* SidebarViewController.m */,
				45C5F8111ACB954E0078540B /* StreetViewController.h */,
				45C5F8121ACB954E0078540B /* StreetViewController.m */,
				45F7BC451AC113F8003FCE27 /* SearchListViewController.h */,
				45F7BC461AC113F8003FCE27 /* SearchListViewController.m */,
				45F7BC3A1ABBC83C003FCE27 /* DetailsViewController.h */,
				45F7BC371ABBC812003FCE27 /* DetailsViewController.m */,
				45F7BC3F1AC042D8003FCE27 /* SettingsViewController.h */,
				45F7BC401AC042D8003FCE27 /* SettingsViewController.m */,
				45F7BC421AC0FA5B003FCE27 /* MapTypesViewController.h */,
				45F7BC431AC0FA5B003FCE27 /* MapTypesViewController.m */,
				45C5F8141ACBD9950078540B /* DirectionsViewController.h */,
				45C5F8151ACBD9950078540B /* DirectionsViewController.m */,
			);
			name = Controller;
			sourceTree = "<group>";
		};
		45F7BC4B1AC3DB96003FCE27 /* Resources */ = {
			isa = PBXGroup;
			children = (
			);
			name = Resources;
			sourceTree = "<group>";
		};
		45F7BC4E1AC3E335003FCE27 /* Model */ = {
			isa = PBXGroup;
			children = (
				45F7BC481AC2607D003FCE27 /* PlaceAnnotation.h */,
				45F7BC491AC2607D003FCE27 /* PlaceAnnotation.m */,
				45F7BC691AC8F904003FCE27 /* MainModel.h */,
				45F7BC6A1AC8F904003FCE27 /* MainModel.m */,
				45FFC7CC1AD3715D0029E809 /* MapKit+ZoomLevel.h */,
				45FFC7CD1AD3715D0029E809 /* MapKit+ZoomLevel.m */,
			);
			name = Model;
			sourceTree = "<group>";
		};
		45F7BC4F1AC3E359003FCE27 /* View */ = {
			isa = PBXGroup;
			children = (
			);
			name = View;
			sourceTree = "<group>";
		};
		45F7BC6C1AC91C68003FCE27 /* SWLRevealViewController */ = {
			isa = PBXGroup;
			children = (
				45F7BC6D1AC91C7F003FCE27 /* SWRevealViewController.h */,
				45F7BC6E1AC91C7F003FCE27 /* SWRevealViewController.m */,
			);
			name = SWLRevealViewController;
			sourceTree = "<group>";
		};
		45FFC7CF1AD60EC80029E809 /* Google maps utils */ = {
			isa = PBXGroup;
			children = (
				45FFC7D01AD60EF30029E809 /* GQTBounds.h */,
				45FFC7D11AD60EF30029E809 /* GQTPoint.h */,
				45FFC7D21AD60EF30029E809 /* GQTPointQuadTree.h */,
				45FFC7D31AD60EF30029E809 /* GQTPointQuadTree.m */,
				45FFC7D41AD60EF30029E809 /* GQTPointQuadTreeChild.h */,
				45FFC7D51AD60EF30029E809 /* GQTPointQuadTreeChild.m */,
				45FFC7D61AD60EF30029E809 /* GQTPointQuadTreeItem.h */,
			);
			name = "Google maps utils";
			path = "Parallel Maps";
			sourceTree = "<group>";
		};
/* End PBXGroup section */

/* Begin PBXNativeTarget section */
		4559A3CC1AAD38D900FDB66E /* Parallel Maps */ = {
			isa = PBXNativeTarget;
			buildConfigurationList = 4559A3F01AAD38D900FDB66E /* Build configuration list for PBXNativeTarget "Parallel Maps" */;
			buildPhases = (
				4559A3C91AAD38D900FDB66E /* Sources */,
				4559A3CA1AAD38D900FDB66E /* Frameworks */,
				4559A3CB1AAD38D900FDB66E /* Resources */,
			);
			buildRules = (
			);
			dependencies = (
			);
			name = "Parallel Maps";
			productName = "Parallel Maps";
			productReference = 4559A3CD1AAD38D900FDB66E /* Parallel Maps.app */;
			productType = "com.apple.product-type.application";
		};
		4559A3E51AAD38D900FDB66E /* Parallel MapsTests */ = {
			isa = PBXNativeTarget;
			buildConfigurationList = 4559A3F31AAD38D900FDB66E /* Build configuration list for PBXNativeTarget "Parallel MapsTests" */;
			buildPhases = (
				4559A3E21AAD38D900FDB66E /* Sources */,
				4559A3E31AAD38D900FDB66E /* Frameworks */,
				4559A3E41AAD38D900FDB66E /* Resources */,
			);
			buildRules = (
			);
			dependencies = (
				4559A3E81AAD38D900FDB66E /* PBXTargetDependency */,
			);
			name = "Parallel MapsTests";
			productName = "Parallel MapsTests";
			productReference = 4559A3E61AAD38D900FDB66E /* Parallel MapsTests.xctest */;
			productType = "com.apple.product-type.bundle.unit-test";
		};
/* End PBXNativeTarget section */

/* Begin PBXProject section */
		4559A3C51AAD38D900FDB66E /* Project object */ = {
			isa = PBXProject;
			attributes = {
				LastUpgradeCheck = 0610;
				ORGANIZATIONNAME = example;
				TargetAttributes = {
					4559A3CC1AAD38D900FDB66E = {
						CreatedOnToolsVersion = 6.1.1;
					};
					4559A3E51AAD38D900FDB66E = {
						CreatedOnToolsVersion = 6.1.1;
						TestTargetID = 4559A3CC1AAD38D900FDB66E;
					};
				};
			};
			buildConfigurationList = 4559A3C81AAD38D900FDB66E /* Build configuration list for PBXProject "Parallel Maps" */;
			compatibilityVersion = "Xcode 3.2";
			developmentRegion = English;
			hasScannedForEncodings = 0;
			knownRegions = (
				en,
				Base,
			);
			mainGroup = 4559A3C41AAD38D900FDB66E;
			productRefGroup = 4559A3CE1AAD38D900FDB66E /* Products */;
			projectDirPath = "";
			projectRoot = "";
			targets = (
				4559A3CC1AAD38D900FDB66E /* Parallel Maps */,
				4559A3E51AAD38D900FDB66E /* Parallel MapsTests */,
			);
		};
/* End PBXProject section */

/* Begin PBXResourcesBuildPhase section */
		4559A3CB1AAD38D900FDB66E /* Resources */ = {
			isa = PBXResourcesBuildPhase;
			buildActionMask = 2147483647;
			files = (
				4559A3DC1AAD38D900FDB66E /* Main.storyboard in Resources */,
				4559A3E11AAD38D900FDB66E /* LaunchScreen.xib in Resources */,
				4559A3DE1AAD38D900FDB66E /* Images.xcassets in Resources */,
				4559A4181AAD472900FDB66E /* GoogleMaps.bundle in Resources */,
			);
			runOnlyForDeploymentPostprocessing = 0;
		};
		4559A3E41AAD38D900FDB66E /* Resources */ = {
			isa = PBXResourcesBuildPhase;
			buildActionMask = 2147483647;
			files = (
			);
			runOnlyForDeploymentPostprocessing = 0;
		};
/* End PBXResourcesBuildPhase section */

/* Begin PBXSourcesBuildPhase section */
		4559A3C91AAD38D900FDB66E /* Sources */ = {
			isa = PBXSourcesBuildPhase;
			buildActionMask = 2147483647;
			files = (
				45FFC7D71AD60EF30029E809 /* GQTPointQuadTree.m in Sources */,
				4559A3D91AAD38D900FDB66E /* ViewController.m in Sources */,
				45F7BC381ABBC812003FCE27 /* DetailsViewController.m in Sources */,
				45F7BC411AC042D8003FCE27 /* SettingsViewController.m in Sources */,
				4559A3D61AAD38D900FDB66E /* AppDelegate.m in Sources */,
				45F7BC4A1AC2607D003FCE27 /* PlaceAnnotation.m in Sources */,
				45C5F8161ACBD9950078540B /* DirectionsViewController.m in Sources */,
				45FFC7D81AD60EF30029E809 /* GQTPointQuadTreeChild.m in Sources */,
				45F7BC6B1AC8F904003FCE27 /* MainModel.m in Sources */,
				4559A3D31AAD38D900FDB66E /* main.m in Sources */,
				45C5F8131ACB954E0078540B /* StreetViewController.m in Sources */,
				45FFC7CE1AD3715D0029E809 /* MapKit+ZoomLevel.m in Sources */,
				45F7BC6F1AC91C7F003FCE27 /* SWRevealViewController.m in Sources */,
				45F7BC471AC113F8003FCE27 /* SearchListViewController.m in Sources */,
				45F7BC441AC0FA5B003FCE27 /* MapTypesViewController.m in Sources */,
				45C5F8101ACA4D9B0078540B /* SidebarViewController.m in Sources */,
			);
			runOnlyForDeploymentPostprocessing = 0;
		};
		4559A3E21AAD38D900FDB66E /* Sources */ = {
			isa = PBXSourcesBuildPhase;
			buildActionMask = 2147483647;
			files = (
				4559A3ED1AAD38D900FDB66E /* Parallel_MapsTests.m in Sources */,
			);
			runOnlyForDeploymentPostprocessing = 0;
		};
/* End PBXSourcesBuildPhase section */

/* Begin PBXTargetDependency section */
		4559A3E81AAD38D900FDB66E /* PBXTargetDependency */ = {
			isa = PBXTargetDependency;
			target = 4559A3CC1AAD38D900FDB66E /* Parallel Maps */;
			targetProxy = 4559A3E71AAD38D900FDB66E /* PBXContainerItemProxy */;
		};
/* End PBXTargetDependency section */

/* Begin PBXVariantGroup section */
		4559A3DA1AAD38D900FDB66E /* Main.storyboard */ = {
			isa = PBXVariantGroup;
			children = (
				4559A3DB1AAD38D900FDB66E /* Base */,
			);
			name = Main.storyboard;
			sourceTree = "<group>";
		};
		4559A3DF1AAD38D900FDB66E /* LaunchScreen.xib */ = {
			isa = PBXVariantGroup;
			children = (
				4559A3E01AAD38D900FDB66E /* Base */,
			);
			name = LaunchScreen.xib;
			sourceTree = "<group>";
		};
/* End PBXVariantGroup section */

/* Begin XCBuildConfiguration section */
		4559A3EE1AAD38D900FDB66E /* Debug */ = {
			isa = XCBuildConfiguration;
			buildSettings = {
				ALWAYS_SEARCH_USER_PATHS = NO;
				CLANG_CXX_LANGUAGE_STANDARD = "gnu++0x";
				CLANG_CXX_LIBRARY = "libc++";
				CLANG_ENABLE_MODULES = YES;
				CLANG_ENABLE_OBJC_ARC = YES;
				CLANG_WARN_BOOL_CONVERSION = YES;
				CLANG_WARN_CONSTANT_CONVERSION = YES;
				CLANG_WARN_DIRECT_OBJC_ISA_USAGE = YES_ERROR;
				CLANG_WARN_EMPTY_BODY = YES;
				CLANG_WARN_ENUM_CONVERSION = YES;
				CLANG_WARN_INT_CONVERSION = YES;
				CLANG_WARN_OBJC_ROOT_CLASS = YES_ERROR;
				CLANG_WARN_UNREACHABLE_CODE = YES;
				CLANG_WARN__DUPLICATE_METHOD_MATCH = YES;
				"CODE_SIGN_IDENTITY[sdk=iphoneos*]" = "iPhone Developer";
				COPY_PHASE_STRIP = NO;
				ENABLE_STRICT_OBJC_MSGSEND = YES;
				GCC_C_LANGUAGE_STANDARD = gnu99;
				GCC_DYNAMIC_NO_PIC = NO;
				GCC_OPTIMIZATION_LEVEL = 0;
				GCC_PREPROCESSOR_DEFINITIONS = (
					"DEBUG=1",
					"$(inherited)",
				);
				GCC_SYMBOLS_PRIVATE_EXTERN = NO;
				GCC_WARN_64_TO_32_BIT_CONVERSION = YES;
				GCC_WARN_ABOUT_RETURN_TYPE = YES_ERROR;
				GCC_WARN_UNDECLARED_SELECTOR = YES;
				GCC_WARN_UNINITIALIZED_AUTOS = YES_AGGRESSIVE;
				GCC_WARN_UNUSED_FUNCTION = YES;
				GCC_WARN_UNUSED_VARIABLE = YES;
				IPHONEOS_DEPLOYMENT_TARGET = 8.1;
				MTL_ENABLE_DEBUG_INFO = YES;
				ONLY_ACTIVE_ARCH = YES;
				SDKROOT = iphoneos;
				TARGETED_DEVICE_FAMILY = "1,2";
			};
			name = Debug;
		};
		4559A3EF1AAD38D900FDB66E /* Release */ = {
			isa = XCBuildConfiguration;
			buildSettings = {
				ALWAYS_SEARCH_USER_PATHS = NO;
				CLANG_CXX_LANGUAGE_STANDARD = "gnu++0x";
				CLANG_CXX_LIBRARY = "libc++";
				CLANG_ENABLE_MODULES = YES;
				CLANG_ENABLE_OBJC_ARC = YES;
				CLANG_WARN_BOOL_CONVERSION = YES;
				CLANG_WARN_CONSTANT_CONVERSION = YES;
				CLANG_WARN_DIRECT_OBJC_ISA_USAGE = YES_ERROR;
				CLANG_WARN_EMPTY_BODY = YES;
				CLANG_WARN_ENUM_CONVERSION = YES;
				CLANG_WARN_INT_CONVERSION = YES;
				CLANG_WARN_OBJC_ROOT_CLASS = YES_ERROR;
				CLANG_WARN_UNREACHABLE_CODE = YES;
				CLANG_WARN__DUPLICATE_METHOD_MATCH = YES;
				"CODE_SIGN_IDENTITY[sdk=iphoneos*]" = "iPhone Developer";
				COPY_PHASE_STRIP = YES;
				ENABLE_NS_ASSERTIONS = NO;
				ENABLE_STRICT_OBJC_MSGSEND = YES;
				GCC_C_LANGUAGE_STANDARD = gnu99;
				GCC_WARN_64_TO_32_BIT_CONVERSION = YES;
				GCC_WARN_ABOUT_RETURN_TYPE = YES_ERROR;
				GCC_WARN_UNDECLARED_SELECTOR = YES;
				GCC_WARN_UNINITIALIZED_AUTOS = YES_AGGRESSIVE;
				GCC_WARN_UNUSED_FUNCTION = YES;
				GCC_WARN_UNUSED_VARIABLE = YES;
				IPHONEOS_DEPLOYMENT_TARGET = 8.1;
				MTL_ENABLE_DEBUG_INFO = NO;
				SDKROOT = iphoneos;
				TARGETED_DEVICE_FAMILY = "1,2";
				VALIDATE_PRODUCT = YES;
			};
			name = Release;
		};
		4559A3F11AAD38D900FDB66E /* Debug */ = {
			isa = XCBuildConfiguration;
			buildSettings = {
				ASSETCATALOG_COMPILER_APPICON_NAME = AppIcon;
				FRAMEWORK_SEARCH_PATHS = (
					"$(inherited)",
					"/Users/Anastasiya/Downloads/GoogleMaps-iOS-1.9-4.2",
					"$(PROJECT_DIR)",
				);
				INFOPLIST_FILE = "Parallel Maps/Info.plist";
				IPHONEOS_DEPLOYMENT_TARGET = 8.1;
				LD_RUNPATH_SEARCH_PATHS = "$(inherited) @executable_path/Frameworks";
				OTHER_LDFLAGS = "-ObjC";
				PRODUCT_NAME = "$(TARGET_NAME)";
				TARGETED_DEVICE_FAMILY = "1,2";
			};
			name = Debug;
		};
		4559A3F21AAD38D900FDB66E /* Release */ = {
			isa = XCBuildConfiguration;
			buildSettings = {
				ASSETCATALOG_COMPILER_APPICON_NAME = AppIcon;
				FRAMEWORK_SEARCH_PATHS = (
					"$(inherited)",
					"/Users/Anastasiya/Downloads/GoogleMaps-iOS-1.9-4.2",
					"$(PROJECT_DIR)",
				);
				INFOPLIST_FILE = "Parallel Maps/Info.plist";
				IPHONEOS_DEPLOYMENT_TARGET = 8.1;
				LD_RUNPATH_SEARCH_PATHS = "$(inherited) @executable_path/Frameworks";
				OTHER_LDFLAGS = "-ObjC";
				PRODUCT_NAME = "$(TARGET_NAME)";
				TARGETED_DEVICE_FAMILY = "1,2";
			};
			name = Release;
		};
		4559A3F41AAD38D900FDB66E /* Debug */ = {
			isa = XCBuildConfiguration;
			buildSettings = {
				BUNDLE_LOADER = "$(TEST_HOST)";
				FRAMEWORK_SEARCH_PATHS = (
					"$(SDKROOT)/Developer/Library/Frameworks",
					"$(inherited)",
				);
				GCC_PREPROCESSOR_DEFINITIONS = (
					"DEBUG=1",
					"$(inherited)",
				);
				INFOPLIST_FILE = "Parallel MapsTests/Info.plist";
				LD_RUNPATH_SEARCH_PATHS = "$(inherited) @executable_path/Frameworks @loader_path/Frameworks";
				PRODUCT_NAME = "$(TARGET_NAME)";
				TEST_HOST = "$(BUILT_PRODUCTS_DIR)/Parallel Maps.app/Parallel Maps";
			};
			name = Debug;
		};
		4559A3F51AAD38D900FDB66E /* Release */ = {
			isa = XCBuildConfiguration;
			buildSettings = {
				BUNDLE_LOADER = "$(TEST_HOST)";
				FRAMEWORK_SEARCH_PATHS = (
					"$(SDKROOT)/Developer/Library/Frameworks",
					"$(inherited)",
				);
				INFOPLIST_FILE = "Parallel MapsTests/Info.plist";
				LD_RUNPATH_SEARCH_PATHS = "$(inherited) @executable_path/Frameworks @loader_path/Frameworks";
				PRODUCT_NAME = "$(TARGET_NAME)";
				TEST_HOST = "$(BUILT_PRODUCTS_DIR)/Parallel Maps.app/Parallel Maps";
			};
			name = Release;
		};
/* End XCBuildConfiguration section */

/* Begin XCConfigurationList section */
		4559A3C81AAD38D900FDB66E /* Build configuration list for PBXProject "Parallel Maps" */ = {
			isa = XCConfigurationList;
			buildConfigurations = (
				4559A3EE1AAD38D900FDB66E /* Debug */,
				4559A3EF1AAD38D900FDB66E /* Release */,
			);
			defaultConfigurationIsVisible = 0;
			defaultConfigurationName = Release;
		};
		4559A3F01AAD38D900FDB66E /* Build configuration list for PBXNativeTarget "Parallel Maps" */ = {
			isa = XCConfigurationList;
			buildConfigurations = (
				4559A3F11AAD38D900FDB66E /* Debug */,
				4559A3F21AAD38D900FDB66E /* Release */,
			);
			defaultConfigurationIsVisible = 0;
			defaultConfigurationName = Release;
		};
		4559A3F31AAD38D900FDB66E /* Build configuration list for PBXNativeTarget "Parallel MapsTests" */ = {
			isa = XCConfigurationList;
			buildConfigurations = (
				4559A3F41AAD38D900FDB66E /* Debug */,
				4559A3F51AAD38D900FDB66E /* Release */,
			);
			defaultConfigurationIsVisible = 0;
			defaultConfigurationName = Release;
		};
/* End XCConfigurationList section */
	};
	rootObject = 4559A3C51AAD38D900FDB66E /* Project object */;
}
